
Microsoft Visual Studio Solution File, Format Version 12.00
# Visual Studio Version 16
VisualStudioVersion = 16.0.31205.134
MinimumVisualStudioVersion = 10.0.40219.1
Project("{9A19103F-16F7-4668-BE54-9A1E7A4F7556}") = "MyMicroservice", "src\MyMicroservice\MyMicroservice.csproj", "{B51A49FA-44E0-437B-92D1-FB7CF23C4282}"
EndProject
Project("{E53339B2-1760-4266-BCC7-CA923CBCF16C}") = "docker-compose", "docker-compose\docker-compose.dcproj", "{7A723D95-8946-42B4-9685-9818075CCEB2}"
EndProject
Project("{9A19103F-16F7-4668-BE54-9A1E7A4F7556}") = "HealthCheckUI", "src\HealthCheckUI\HealthCheckUI.csproj", "{93498D71-1B63-4B16-AC9C-C2AD7F3D87FF}"
EndProject
Project("{9A19103F-16F7-4668-BE54-9A1E7A4F7556}") = "MyMicroservice.Tests", "tests\MyMicroservice.Tests\MyMicroservice.Tests.csproj", "{FD303006-0A3E-46F7-BF7E-350F4FEDBCEF}"
EndProject
Project("{9A19103F-16F7-4668-BE54-9A1E7A4F7556}") = "MyMicroservice.Common", "src\MyMicroservice.Common\MyMicroservice.Common.csproj", "{EAD2B530-14A6-40F0-B39C-ABF6F82E028F}"
EndProject
Project("{2150E333-8FDC-42A3-9474-1A3956D46DE8}") = "Solution Items", "Solution Items", "{CB267491-42F6-4683-ADFB-31BE41A5270A}"
	ProjectSection(SolutionItems) = preProject
		Directory.Build.props = Directory.Build.props
	EndProjectSection
EndProject
Project("{9A19103F-16F7-4668-BE54-9A1E7A4F7556}") = "MyMicroservice.Web", "src\MyMicroservice.Web\MyMicroservice.Web.csproj", "{7EF1834C-17FC-458D-8A23-B993BEEBE872}"
EndProject
Project("{2150E333-8FDC-42A3-9474-1A3956D46DE8}") = "src", "src", "{FD06337D-E049-4F65-AF57-29661848DCDB}"
EndProject
Project("{2150E333-8FDC-42A3-9474-1A3956D46DE8}") = "tests", "tests", "{B10583BC-0D48-4B99-92AD-E69C150E80B4}"
EndProject
Global
	GlobalSection(SolutionConfigurationPlatforms) = preSolution
		Debug|Any CPU = Debug|Any CPU
		Release|Any CPU = Release|Any CPU
	EndGlobalSection
	GlobalSection(ProjectConfigurationPlatforms) = postSolution
		{B51A49FA-44E0-437B-92D1-FB7CF23C4282}.Debug|Any CPU.ActiveCfg = Debug|Any CPU
		{B51A49FA-44E0-437B-92D1-FB7CF23C4282}.Debug|Any CPU.Build.0 = Debug|Any CPU
		{B51A49FA-44E0-437B-92D1-FB7CF23C4282}.Release|Any CPU.ActiveCfg = Release|Any CPU
		{B51A49FA-44E0-437B-92D1-FB7CF23C4282}.Release|Any CPU.Build.0 = Release|Any CPU
		{7A723D95-8946-42B4-9685-9818075CCEB2}.Debug|Any CPU.ActiveCfg = Debug|Any CPU
		{7A723D95-8946-42B4-9685-9818075CCEB2}.Debug|Any CPU.Build.0 = Debug|Any CPU
		{7A723D95-8946-42B4-9685-9818075CCEB2}.Release|Any CPU.ActiveCfg = Release|Any CPU
		{7A723D95-8946-42B4-9685-9818075CCEB2}.Release|Any CPU.Build.0 = Release|Any CPU
		{93498D71-1B63-4B16-AC9C-C2AD7F3D87FF}.Debug|Any CPU.ActiveCfg = Debug|Any CPU
		{93498D71-1B63-4B16-AC9C-C2AD7F3D87FF}.Debug|Any CPU.Build.0 = Debug|Any CPU
		{93498D71-1B63-4B16-AC9C-C2AD7F3D87FF}.Release|Any CPU.ActiveCfg = Release|Any CPU
		{93498D71-1B63-4B16-AC9C-C2AD7F3D87FF}.Release|Any CPU.Build.0 = Release|Any CPU
		{FD303006-0A3E-46F7-BF7E-350F4FEDBCEF}.Debug|Any CPU.ActiveCfg = Debug|Any CPU
		{FD303006-0A3E-46F7-BF7E-350F4FEDBCEF}.Debug|Any CPU.Build.0 = Debug|Any CPU
		{FD303006-0A3E-46F7-BF7E-350F4FEDBCEF}.Release|Any CPU.ActiveCfg = Release|Any CPU
		{FD303006-0A3E-46F7-BF7E-350F4FEDBCEF}.Release|Any CPU.Build.0 = Release|Any CPU
		{EAD2B530-14A6-40F0-B39C-ABF6F82E028F}.Debug|Any CPU.ActiveCfg = Debug|Any CPU
		{EAD2B530-14A6-40F0-B39C-ABF6F82E028F}.Debug|Any CPU.Build.0 = Debug|Any CPU
		{EAD2B530-14A6-40F0-B39C-ABF6F82E028F}.Release|Any CPU.ActiveCfg = Release|Any CPU
		{EAD2B530-14A6-40F0-B39C-ABF6F82E028F}.Release|Any CPU.Build.0 = Release|Any CPU
		{7EF1834C-17FC-458D-8A23-B993BEEBE872}.Debug|Any CPU.ActiveCfg = Debug|Any CPU
		{7EF1834C-17FC-458D-8A23-B993BEEBE872}.Debug|Any CPU.Build.0 = Debug|Any CPU
		{7EF1834C-17FC-458D-8A23-B993BEEBE872}.Release|Any CPU.ActiveCfg = Release|Any CPU
		{7EF1834C-17FC-458D-8A23-B993BEEBE872}.Release|Any CPU.Build.0 = Release|Any CPU
	EndGlobalSection
	GlobalSection(SolutionProperties) = preSolution
		HideSolutionNode = FALSE
	EndGlobalSection
	GlobalSection(NestedProjects) = preSolution
		{B51A49FA-44E0-437B-92D1-FB7CF23C4282} = {FD06337D-E049-4F65-AF57-29661848DCDB}
		{93498D71-1B63-4B16-AC9C-C2AD7F3D87FF} = {FD06337D-E049-4F65-AF57-29661848DCDB}
		{FD303006-0A3E-46F7-BF7E-350F4FEDBCEF} = {B10583BC-0D48-4B99-92AD-E69C150E80B4}
		{EAD2B530-14A6-40F0-B39C-ABF6F82E028F} = {FD06337D-E049-4F65-AF57-29661848DCDB}
		{7EF1834C-17FC-458D-8A23-B993BEEBE872} = {FD06337D-E049-4F65-AF57-29661848DCDB}
	EndGlobalSection
	GlobalSection(ExtensibilityGlobals) = postSolution
		SolutionGuid = {AE0A8063-ECE1-47F2-884E-A53244D854E8}
	EndGlobalSection
EndGlobal
